schema: '2.0'
stages:
  preprocess:
    cmd: python ./src/process_data.py
    deps:
    - path: ./config/config.yaml
      hash: md5
      md5: cec3410717807d14da49ec886edf2680
      size: 478
    - path: ./raw_data/ames_unprocessed_data.csv
      hash: md5
      md5: 355d7a5a6fa74b30e5d2c8cc19d6508b
      size: 111673
      isexec: true
    - path: ./src/process_data.py
      hash: md5
      md5: 07344a9b510d288d585b149bf91e5e47
      size: 7677
    outs:
    - path: ./artifacts/preprocessor.pkl
      hash: md5
      md5: 2c5f02859dc70684121fe271d6502d79
      size: 5406
    - path: ./processed_data/test_processed.csv
      hash: md5
      md5: 2f725112a792a3f9a011ac280c13232c
      size: 142900
    - path: ./processed_data/train_processed.csv
      hash: md5
      md5: cff7a9d1d4ccbe439cafb48c8640472e
      size: 566674
  train:
    cmd: python ./src/train.py
    deps:
    - path: ./config/config.yaml
      hash: md5
      md5: cec3410717807d14da49ec886edf2680
      size: 478
    - path: ./processed_data/test_processed.csv
      hash: md5
      md5: 2f725112a792a3f9a011ac280c13232c
      size: 142900
    - path: ./processed_data/train_processed.csv
      hash: md5
      md5: cff7a9d1d4ccbe439cafb48c8640472e
      size: 566674
    - path: ./src/train.py
      hash: md5
      md5: 3be6f5158db850ca97fa480bf9291060
      size: 7084
    outs:
    - path: ./artifacts/feature_importances.png
      hash: md5
      md5: c73c58f42cccea2025ec3a8abb959bee
      size: 178783
    - path: ./saved_models/random_forest_model.pkl
      hash: md5
      md5: a04d297ca08ac23b9fa6562ab02491ff
      size: 824481
