schema: '2.0'
stages:
  preprocess:
    cmd: python ./src/process_data.py
    deps:
    - path: ./raw_data/ames_unprocessed_data.csv
      hash: md5
      md5: 355d7a5a6fa74b30e5d2c8cc19d6508b
      size: 111673
      isexec: true
    - path: ./src/process_data.py
      hash: md5
      md5: 875d04b44ac2490752a9f1a2b9636228
      size: 6147
    outs:
    - path: ./artifacts/preprocessor.pkl
      hash: md5
      md5: dd8bdceeb5bc23e4b59265a1f7ee2499
      size: 5406
    - path: ./processed_data/test_processed.csv
      hash: md5
      md5: fe28c82dffdd0b98906898e5357ee6f4
      size: 143566
    - path: ./processed_data/train_processed.csv
      hash: md5
      md5: fdae2c9a416526cda999dfae4481a019
      size: 570136
  train:
    cmd: python ./src/train.py
    deps:
    - path: ./processed_data/test_processed.csv
      hash: md5
      md5: fe28c82dffdd0b98906898e5357ee6f4
      size: 143566
    - path: ./processed_data/train_processed.csv
      hash: md5
      md5: fdae2c9a416526cda999dfae4481a019
      size: 570136
    - path: ./src/train.py
      hash: md5
      md5: 6b6afd558af7e747ba2d2d0d0a0ecb21
      size: 2927
    outs:
    - path: ./artifacts/feature_importances.png
      hash: md5
      md5: bd5a76f43c11cee7363eb82016bf216d
      size: 180731
    - path: ./saved_models/random_forest_model.pkl
      hash: md5
      md5: e038c9af01ea4319f46e3af3e4c00baa
      size: 828369
