schema: '2.0'
stages:
  preprocess:
    cmd: python ./src/process_data.py
    deps:
    - path: ./raw_data/ames_unprocessed_data.csv
      hash: md5
      md5: 355d7a5a6fa74b30e5d2c8cc19d6508b
      size: 111673
      isexec: true
    - path: ./src/process_data.py
      hash: md5
      md5: 875d04b44ac2490752a9f1a2b9636228
      size: 6147
    outs:
    - path: ./processed_data/test_processed.csv
      hash: md5
      md5: fe28c82dffdd0b98906898e5357ee6f4
      size: 143566
    - path: ./processed_data/train_processed.csv
      hash: md5
      md5: fdae2c9a416526cda999dfae4481a019
      size: 570136
  train:
    cmd: python ./src/train.py
    deps:
    - path: ./processed_data/test_processed.csv
      hash: md5
      md5: fe28c82dffdd0b98906898e5357ee6f4
      size: 143566
    - path: ./processed_data/train_processed.csv
      hash: md5
      md5: fdae2c9a416526cda999dfae4481a019
      size: 570136
    - path: ./src/train.py
      hash: md5
      md5: fc21113d62d3b195dca9c2f7426e18cf
      size: 2022
    outs:
    - path: ./saved_models/model_pipeline.pkl
      hash: md5
      md5: 869c3a6c6c06b0300aeac674aa8c8419
      size: 835857
